
Microsoft Visual Studio Solution File, Format Version 12.00
# Visual Studio Version 17
VisualStudioVersion = 17.3.32901.215
MinimumVisualStudioVersion = 10.0.40219.1
Project("{FAE04EC0-301F-11D3-BF4B-00C04F79EFBC}") = "Exercicio_POO_15_Composicao", "Exercicio_POO_15_Composicao.csproj", "{986E161D-1637-48C7-B2C8-731FC77922ED}"
EndProject
Global
	GlobalSection(SolutionConfigurationPlatforms) = preSolution
		Debug|Any CPU = Debug|Any CPU
		Release|Any CPU = Release|Any CPU
	EndGlobalSection
	GlobalSection(ProjectConfigurationPlatforms) = postSolution
		{986E161D-1637-48C7-B2C8-731FC77922ED}.Debug|Any CPU.ActiveCfg = Debug|Any CPU
		{986E161D-1637-48C7-B2C8-731FC77922ED}.Debug|Any CPU.Build.0 = Debug|Any CPU
		{986E161D-1637-48C7-B2C8-731FC77922ED}.Release|Any CPU.ActiveCfg = Release|Any CPU
		{986E161D-1637-48C7-B2C8-731FC77922ED}.Release|Any CPU.Build.0 = Release|Any CPU
	EndGlobalSection
	GlobalSection(SolutionProperties) = preSolution
		HideSolutionNode = FALSE
	EndGlobalSection
	GlobalSection(ExtensibilityGlobals) = postSolution
		SolutionGuid = {F41B436D-2A5B-4731-B838-515C24AC2AC4}
	EndGlobalSection
EndGlobal
